PODS:
  - Alamofire (4.4.0)
  - Kingfisher (3.6.0)
  - SnapKit (3.2.0)

DEPENDENCIES:
  - Alamofire (~> 4.4.0)
  - Kingfisher (~> 3.6.0)
  - SnapKit (~> 3.2.0)

SPEC CHECKSUMS:
  Alamofire: dc44b1600b800eb63da6a19039a0083d62a6a62d
  Kingfisher: 300035f9a40634dc9b452d946c9f22250688fecd
  SnapKit: 1ca44df72cfa543218d177cb8aab029d10d86ea7

PODFILE CHECKSUM: 1c5855b59d637df4ce7df3ded82dd7d713d021cc

COCOAPODS: 1.2.1.beta.1
